// !$*UTF8*$!
{
	archiveVersion = 1;
	classes = {
	};
	objectVersion = 50;
	objects = {

/* Begin PBXBuildFile section */
		F229BA4621B9683A00AF5B9D /* AppDelegate.swift in Sources */ = {isa = PBXBuildFile; fileRef = F229BA4521B9683A00AF5B9D /* AppDelegate.swift */; };
		F229BA4821B9683A00AF5B9D /* EyeSaverVC.swift in Sources */ = {isa = PBXBuildFile; fileRef = F229BA4721B9683A00AF5B9D /* EyeSaverVC.swift */; };
		F229BA4A21B9683C00AF5B9D /* Assets.xcassets in Resources */ = {isa = PBXBuildFile; fileRef = F229BA4921B9683C00AF5B9D /* Assets.xcassets */; };
		F229BA4D21B9683C00AF5B9D /* Main.storyboard in Resources */ = {isa = PBXBuildFile; fileRef = F229BA4B21B9683C00AF5B9D /* Main.storyboard */; };
		F229BA5621B9687900AF5B9D /* EyeSaverVM.swift in Sources */ = {isa = PBXBuildFile; fileRef = F229BA5521B9687900AF5B9D /* EyeSaverVM.swift */; };
/* End PBXBuildFile section */

/* Begin PBXCopyFilesBuildPhase section */
		F249C71921BC42C700C12EB1 /* CopyFiles */ = {
			isa = PBXCopyFilesBuildPhase;
			buildActionMask = 2147483647;
			dstPath = Content/Library/LoginItems;
			dstSubfolderSpec = 1;
			files = (
			);
			runOnlyForDeploymentPostprocessing = 0;
		};
/* End PBXCopyFilesBuildPhase section */

/* Begin PBXFileReference section */
		F229BA4221B9683A00AF5B9D /* EyeSaver.app */ = {isa = PBXFileReference; explicitFileType = wrapper.application; includeInIndex = 0; path = EyeSaver.app; sourceTree = BUILT_PRODUCTS_DIR; };
		F229BA4521B9683A00AF5B9D /* AppDelegate.swift */ = {isa = PBXFileReference; lastKnownFileType = sourcecode.swift; path = AppDelegate.swift; sourceTree = "<group>"; };
		F229BA4721B9683A00AF5B9D /* EyeSaverVC.swift */ = {isa = PBXFileReference; lastKnownFileType = sourcecode.swift; path = EyeSaverVC.swift; sourceTree = "<group>"; };
		F229BA4921B9683C00AF5B9D /* Assets.xcassets */ = {isa = PBXFileReference; lastKnownFileType = folder.assetcatalog; path = Assets.xcassets; sourceTree = "<group>"; };
		F229BA4C21B9683C00AF5B9D /* Base */ = {isa = PBXFileReference; lastKnownFileType = file.storyboard; name = Base; path = Base.lproj/Main.storyboard; sourceTree = "<group>"; };
		F229BA4E21B9683C00AF5B9D /* Info.plist */ = {isa = PBXFileReference; lastKnownFileType = text.plist.xml; path = Info.plist; sourceTree = "<group>"; };
		F229BA4F21B9683C00AF5B9D /* EyeSaver.entitlements */ = {isa = PBXFileReference; lastKnownFileType = text.plist.entitlements; path = EyeSaver.entitlements; sourceTree = "<group>"; };
		F229BA5521B9687900AF5B9D /* EyeSaverVM.swift */ = {isa = PBXFileReference; fileEncoding = 4; lastKnownFileType = sourcecode.swift; path = EyeSaverVM.swift; sourceTree = "<group>"; };
/* End PBXFileReference section */

/* Begin PBXFrameworksBuildPhase section */
		F229BA3F21B9683A00AF5B9D /* Frameworks */ = {
			isa = PBXFrameworksBuildPhase;
			buildActionMask = 2147483647;
			files = (
			);
			runOnlyForDeploymentPostprocessing = 0;
		};
/* End PBXFrameworksBuildPhase section */

/* Begin PBXGroup section */
		F229BA3921B9683A00AF5B9D = {
			isa = PBXGroup;
			children = (
				F229BA4421B9683A00AF5B9D /* EyeSaver */,
				F229BA4321B9683A00AF5B9D /* Products */,
			);
			sourceTree = "<group>";
		};
		F229BA4321B9683A00AF5B9D /* Products */ = {
			isa = PBXGroup;
			children = (
				F229BA4221B9683A00AF5B9D /* EyeSaver.app */,
			);
			name = Products;
			sourceTree = "<group>";
		};
		F229BA4421B9683A00AF5B9D /* EyeSaver */ = {
			isa = PBXGroup;
			children = (
				F229BA4521B9683A00AF5B9D /* AppDelegate.swift */,
				F229BA4721B9683A00AF5B9D /* EyeSaverVC.swift */,
				F229BA5521B9687900AF5B9D /* EyeSaverVM.swift */,
				F229BA4921B9683C00AF5B9D /* Assets.xcassets */,
				F229BA4B21B9683C00AF5B9D /* Main.storyboard */,
				F229BA4E21B9683C00AF5B9D /* Info.plist */,
				F229BA4F21B9683C00AF5B9D /* EyeSaver.entitlements */,
			);
			path = EyeSaver;
			sourceTree = "<group>";
		};
/* End PBXGroup section */

/* Begin PBXNativeTarget section */
		F229BA4121B9683A00AF5B9D /* EyeSaver */ = {
			isa = PBXNativeTarget;
			buildConfigurationList = F229BA5221B9683C00AF5B9D /* Build configuration list for PBXNativeTarget "EyeSaver" */;
			buildPhases = (
				F229BA3E21B9683A00AF5B9D /* Sources */,
				F229BA3F21B9683A00AF5B9D /* Frameworks */,
				F229BA4021B9683A00AF5B9D /* Resources */,
				F249C71921BC42C700C12EB1 /* CopyFiles */,
			);
			buildRules = (
			);
			dependencies = (
			);
			name = EyeSaver;
			productName = EyeSaver;
			productReference = F229BA4221B9683A00AF5B9D /* EyeSaver.app */;
			productType = "com.apple.product-type.application";
		};
/* End PBXNativeTarget section */

/* Begin PBXProject section */
		F229BA3A21B9683A00AF5B9D /* Project object */ = {
			isa = PBXProject;
			attributes = {
				LastSwiftUpdateCheck = 1010;
				LastUpgradeCheck = 1010;
				ORGANIZATIONNAME = "Arsenijs Mamikonans";
				TargetAttributes = {
					F229BA4121B9683A00AF5B9D = {
						CreatedOnToolsVersion = 10.1;
					};
				};
			};
			buildConfigurationList = F229BA3D21B9683A00AF5B9D /* Build configuration list for PBXProject "EyeSaver" */;
			compatibilityVersion = "Xcode 9.3";
			developmentRegion = en;
			hasScannedForEncodings = 0;
			knownRegions = (
				en,
				Base,
			);
			mainGroup = F229BA3921B9683A00AF5B9D;
			productRefGroup = F229BA4321B9683A00AF5B9D /* Products */;
			projectDirPath = "";
			projectRoot = "";
			targets = (
				F229BA4121B9683A00AF5B9D /* EyeSaver */,
			);
		};
/* End PBXProject section */

/* Begin PBXResourcesBuildPhase section */
		F229BA4021B9683A00AF5B9D /* Resources */ = {
			isa = PBXResourcesBuildPhase;
			buildActionMask = 2147483647;
			files = (
				F229BA4A21B9683C00AF5B9D /* Assets.xcassets in Resources */,
				F229BA4D21B9683C00AF5B9D /* Main.storyboard in Resources */,
			);
			runOnlyForDeploymentPostprocessing = 0;
		};
/* End PBXResourcesBuildPhase section */

/* Begin PBXSourcesBuildPhase section */
		F229BA3E21B9683A00AF5B9D /* Sources */ = {
			isa = PBXSourcesBuildPhase;
			buildActionMask = 2147483647;
			files = (
				F229BA4821B9683A00AF5B9D /* EyeSaverVC.swift in Sources */,
				F229BA5621B9687900AF5B9D /* EyeSaverVM.swift in Sources */,
				F229BA4621B9683A00AF5B9D /* AppDelegate.swift in Sources */,
			);
			runOnlyForDeploymentPostprocessing = 0;
		};
/* End PBXSourcesBuildPhase section */

/* Begin PBXVariantGroup section */
		F229BA4B21B9683C00AF5B9D /* Main.storyboard */ = {
			isa = PBXVariantGroup;
			children = (
				F229BA4C21B9683C00AF5B9D /* Base */,
			);
			name = Main.storyboard;
			sourceTree = "<group>";
		};
/* End PBXVariantGroup section */

/* Begin XCBuildConfiguration section */
		F229BA5021B9683C00AF5B9D /* Debug */ = {
			isa = XCBuildConfiguration;
			buildSettings = {
				ALWAYS_SEARCH_USER_PATHS = NO;
				CLANG_ANALYZER_NONNULL = YES;
				CLANG_ANALYZER_NUMBER_OBJECT_CONVERSION = YES_AGGRESSIVE;
				CLANG_CXX_LANGUAGE_STANDARD = "gnu++14";
				CLANG_CXX_LIBRARY = "libc++";
				CLANG_ENABLE_MODULES = YES;
				CLANG_ENABLE_OBJC_ARC = YES;
				CLANG_ENABLE_OBJC_WEAK = YES;
				CLANG_WARN_BLOCK_CAPTURE_AUTORELEASING = YES;
				CLANG_WARN_BOOL_CONVERSION = YES;
				CLANG_WARN_COMMA = YES;
				CLANG_WARN_CONSTANT_CONVERSION = YES;
				CLANG_WARN_DEPRECATED_OBJC_IMPLEMENTATIONS = YES;
				CLANG_WARN_DIRECT_OBJC_ISA_USAGE = YES_ERROR;
				CLANG_WARN_DOCUMENTATION_COMMENTS = YES;
				CLANG_WARN_EMPTY_BODY = YES;
				CLANG_WARN_ENUM_CONVERSION = YES;
				CLANG_WARN_INFINITE_RECURSION = YES;
				CLANG_WARN_INT_CONVERSION = YES;
				CLANG_WARN_NON_LITERAL_NULL_CONVERSION = YES;
				CLANG_WARN_OBJC_IMPLICIT_RETAIN_SELF = YES;
				CLANG_WARN_OBJC_LITERAL_CONVERSION = YES;
				CLANG_WARN_OBJC_ROOT_CLASS = YES_ERROR;
				CLANG_WARN_RANGE_LOOP_ANALYSIS = YES;
				CLANG_WARN_STRICT_PROTOTYPES = YES;
				CLANG_WARN_SUSPICIOUS_MOVE = YES;
				CLANG_WARN_UNGUARDED_AVAILABILITY = YES_AGGRESSIVE;
				CLANG_WARN_UNREACHABLE_CODE = YES;
				CLANG_WARN__DUPLICATE_METHOD_MATCH = YES;
				CODE_SIGN_IDENTITY = "Mac Developer";
				COPY_PHASE_STRIP = NO;
				DEBUG_INFORMATION_FORMAT = dwarf;
				ENABLE_STRICT_OBJC_MSGSEND = YES;
				ENABLE_TESTABILITY = YES;
				GCC_C_LANGUAGE_STANDARD = gnu11;
				GCC_DYNAMIC_NO_PIC = NO;
				GCC_NO_COMMON_BLOCKS = YES;
				GCC_OPTIMIZATION_LEVEL = 0;
				GCC_PREPROCESSOR_DEFINITIONS = (
					"DEBUG=1",
					"$(inherited)",
				);
				GCC_WARN_64_TO_32_BIT_CONVERSION = YES;
				GCC_WARN_ABOUT_RETURN_TYPE = YES_ERROR;
				GCC_WARN_UNDECLARED_SELECTOR = YES;
				GCC_WARN_UNINITIALIZED_AUTOS = YES_AGGRESSIVE;
				GCC_WARN_UNUSED_FUNCTION = YES;
				GCC_WARN_UNUSED_VARIABLE = YES;
				MACOSX_DEPLOYMENT_TARGET = 10.14;
				MTL_ENABLE_DEBUG_INFO = INCLUDE_SOURCE;
				MTL_FAST_MATH = YES;
				ONLY_ACTIVE_ARCH = YES;
				SDKROOT = macosx;
				SWIFT_ACTIVE_COMPILATION_CONDITIONS = DEBUG;
				SWIFT_OPTIMIZATION_LEVEL = "-Onone";
			};
			name = Debug;
		};
		F229BA5121B9683C00AF5B9D /* Release */ = {
			isa = XCBuildConfiguration;
			buildSettings = {
				ALWAYS_SEARCH_USER_PATHS = NO;
				CLANG_ANALYZER_NONNULL = YES;
				CLANG_ANALYZER_NUMBER_OBJECT_CONVERSION = YES_AGGRESSIVE;
				CLANG_CXX_LANGUAGE_STANDARD = "gnu++14";
				CLANG_CXX_LIBRARY = "libc++";
				CLANG_ENABLE_MODULES = YES;
				CLANG_ENABLE_OBJC_ARC = YES;
				CLANG_ENABLE_OBJC_WEAK = YES;
				CLANG_WARN_BLOCK_CAPTURE_AUTORELEASING = YES;
				CLANG_WARN_BOOL_CONVERSION = YES;
				CLANG_WARN_COMMA = YES;
				CLANG_WARN_CONSTANT_CONVERSION = YES;
				CLANG_WARN_DEPRECATED_OBJC_IMPLEMENTATIONS = YES;
				CLANG_WARN_DIRECT_OBJC_ISA_USAGE = YES_ERROR;
				CLANG_WARN_DOCUMENTATION_COMMENTS = YES;
				CLANG_WARN_EMPTY_BODY = YES;
				CLANG_WARN_ENUM_CONVERSION = YES;
				CLANG_WARN_INFINITE_RECURSION = YES;
				CLANG_WARN_INT_CONVERSION = YES;
				CLANG_WARN_NON_LITERAL_NULL_CONVERSION = YES;
				CLANG_WARN_OBJC_IMPLICIT_RETAIN_SELF = YES;
				CLANG_WARN_OBJC_LITERAL_CONVERSION = YES;
				CLANG_WARN_OBJC_ROOT_CLASS = YES_ERROR;
				CLANG_WARN_RANGE_LOOP_ANALYSIS = YES;
				CLANG_WARN_STRICT_PROTOTYPES = YES;
				CLANG_WARN_SUSPICIOUS_MOVE = YES;
				CLANG_WARN_UNGUARDED_AVAILABILITY = YES_AGGRESSIVE;
				CLANG_WARN_UNREACHABLE_CODE = YES;
				CLANG_WARN__DUPLICATE_METHOD_MATCH = YES;
				CODE_SIGN_IDENTITY = "Mac Developer";
				COPY_PHASE_STRIP = NO;
				DEBUG_INFORMATION_FORMAT = "dwarf-with-dsym";
				ENABLE_NS_ASSERTIONS = NO;
				ENABLE_STRICT_OBJC_MSGSEND = YES;
				GCC_C_LANGUAGE_STANDARD = gnu11;
				GCC_NO_COMMON_BLOCKS = YES;
				GCC_WARN_64_TO_32_BIT_CONVERSION = YES;
				GCC_WARN_ABOUT_RETURN_TYPE = YES_ERROR;
				GCC_WARN_UNDECLARED_SELECTOR = YES;
				GCC_WARN_UNINITIALIZED_AUTOS = YES_AGGRESSIVE;
				GCC_WARN_UNUSED_FUNCTION = YES;
				GCC_WARN_UNUSED_VARIABLE = YES;
				MACOSX_DEPLOYMENT_TARGET = 10.14;
				MTL_ENABLE_DEBUG_INFO = NO;
				MTL_FAST_MATH = YES;
				SDKROOT = macosx;
				SWIFT_COMPILATION_MODE = wholemodule;
				SWIFT_OPTIMIZATION_LEVEL = "-O";
			};
			name = Release;
		};
		F229BA5321B9683C00AF5B9D /* Debug */ = {
			isa = XCBuildConfiguration;
			buildSettings = {
				ASSETCATALOG_COMPILER_APPICON_NAME = AppIcon;
				CODE_SIGN_ENTITLEMENTS = EyeSaver/EyeSaver.entitlements;
				CODE_SIGN_STYLE = Automatic;
				COMBINE_HIDPI_IMAGES = YES;
				DEVELOPMENT_TEAM = DTWU5U9T2B;
				INFOPLIST_FILE = EyeSaver/Info.plist;
				LD_RUNPATH_SEARCH_PATHS = (
					"$(inherited)",
					"@executable_path/../Frameworks",
				);
				PRODUCT_BUNDLE_IDENTIFIER = "Beyond-INC.EyeSaver";
				PRODUCT_NAME = "$(TARGET_NAME)";
				SWIFT_VERSION = 4.2;
			};
			name = Debug;
		};
		F229BA5421B9683C00AF5B9D /* Release */ = {
			isa = XCBuildConfiguration;
			buildSettings = {
				ASSETCATALOG_COMPILER_APPICON_NAME = AppIcon;
				CODE_SIGN_ENTITLEMENTS = EyeSaver/EyeSaver.entitlements;
				CODE_SIGN_STYLE = Automatic;
				COMBINE_HIDPI_IMAGES = YES;
				DEVELOPMENT_TEAM = DTWU5U9T2B;
				INFOPLIST_FILE = EyeSaver/Info.plist;
				LD_RUNPATH_SEARCH_PATHS = (
					"$(inherited)",
					"@executable_path/../Frameworks",
				);
				PRODUCT_BUNDLE_IDENTIFIER = "Beyond-INC.EyeSaver";
				PRODUCT_NAME = "$(TARGET_NAME)";
				SWIFT_VERSION = 4.2;
			};
			name = Release;
		};
/* End XCBuildConfiguration section */

/* Begin XCConfigurationList section */
		F229BA3D21B9683A00AF5B9D /* Build configuration list for PBXProject "EyeSaver" */ = {
			isa = XCConfigurationList;
			buildConfigurations = (
				F229BA5021B9683C00AF5B9D /* Debug */,
				F229BA5121B9683C00AF5B9D /* Release */,
			);
			defaultConfigurationIsVisible = 0;
			defaultConfigurationName = Release;
		};
		F229BA5221B9683C00AF5B9D /* Build configuration list for PBXNativeTarget "EyeSaver" */ = {
			isa = XCConfigurationList;
			buildConfigurations = (
				F229BA5321B9683C00AF5B9D /* Debug */,
				F229BA5421B9683C00AF5B9D /* Release */,
			);
			defaultConfigurationIsVisible = 0;
			defaultConfigurationName = Release;
		};
/* End XCConfigurationList section */
	};
	rootObject = F229BA3A21B9683A00AF5B9D /* Project object */;
}
